
Microsoft Visual Studio Solution File, Format Version 12.00
# Visual Studio Version 16
VisualStudioVersion = 16.0.29025.244
MinimumVisualStudioVersion = 10.0.40219.1
Project("{FAE04EC0-301F-11D3-BF4B-00C04F79EFBC}") = "AllProjectsC", "AllProjectsC\AllProjectsC.csproj", "{8B77A8E4-C189-4F4A-A2A8-2D1C482DE546}"
EndProject
Global
	GlobalSection(SolutionConfigurationPlatforms) = preSolution
		Debug|Any CPU = Debug|Any CPU
		Release|Any CPU = Release|Any CPU
	EndGlobalSection
	GlobalSection(ProjectConfigurationPlatforms) = postSolution
		{8B77A8E4-C189-4F4A-A2A8-2D1C482DE546}.Debug|Any CPU.ActiveCfg = Debug|Any CPU
		{8B77A8E4-C189-4F4A-A2A8-2D1C482DE546}.Debug|Any CPU.Build.0 = Debug|Any CPU
		{8B77A8E4-C189-4F4A-A2A8-2D1C482DE546}.Release|Any CPU.ActiveCfg = Release|Any CPU
		{8B77A8E4-C189-4F4A-A2A8-2D1C482DE546}.Release|Any CPU.Build.0 = Release|Any CPU
	EndGlobalSection
	GlobalSection(SolutionProperties) = preSolution
		HideSolutionNode = FALSE
	EndGlobalSection
	GlobalSection(ExtensibilityGlobals) = postSolution
		SolutionGuid = {6FFFB3D2-30BB-40A0-A82E-5B49DF8B6C02}
	EndGlobalSection
EndGlobal
